# This file is automatically @generated by Cargo.
# It is not intended for manual editing.
[[package]]
name = "aho-corasick"
version = "0.6.10"
source = "registry+https://github.com/rust-lang/crates.io-index"
dependencies = [
 "memchr 2.3.4 (registry+https://github.com/rust-lang/crates.io-index)",
]

[[package]]
name = "aho-corasick"
version = "0.7.15"
source = "registry+https://github.com/rust-lang/crates.io-index"
dependencies = [
 "memchr 2.3.4 (registry+https://github.com/rust-lang/crates.io-index)",
]

[[package]]
name = "atty"
version = "0.2.14"
source = "registry+https://github.com/rust-lang/crates.io-index"
dependencies = [
 "hermit-abi 0.1.17 (registry+https://github.com/rust-lang/crates.io-index)",
 "libc 0.2.82 (registry+https://github.com/rust-lang/crates.io-index)",
 "winapi 0.3.9 (registry+https://github.com/rust-lang/crates.io-index)",
]

[[package]]
name = "autocfg"
version = "1.0.1"
source = "registry+https://github.com/rust-lang/crates.io-index"

[[package]]
name = "bitflags"
version = "1.2.1"
source = "registry+https://github.com/rust-lang/crates.io-index"

[[package]]
name = "bstr"
version = "0.2.14"
source = "registry+https://github.com/rust-lang/crates.io-index"
dependencies = [
 "lazy_static 1.4.0 (registry+https://github.com/rust-lang/crates.io-index)",
 "memchr 2.3.4 (registry+https://github.com/rust-lang/crates.io-index)",
 "regex-automata 0.1.9 (registry+https://github.com/rust-lang/crates.io-index)",
 "serde 1.0.119 (registry+https://github.com/rust-lang/crates.io-index)",
]

[[package]]
name = "byteorder"
version = "1.4.2"
source = "registry+https://github.com/rust-lang/crates.io-index"

[[package]]
name = "bytes"
version = "0.4.12"
source = "registry+https://github.com/rust-lang/crates.io-index"
dependencies = [
 "byteorder 1.4.2 (registry+https://github.com/rust-lang/crates.io-index)",
 "iovec 0.1.4 (registry+https://github.com/rust-lang/crates.io-index)",
]

[[package]]
name = "cfg-if"
version = "0.1.10"
source = "registry+https://github.com/rust-lang/crates.io-index"

[[package]]
name = "cfg-if"
version = "1.0.0"
source = "registry+https://github.com/rust-lang/crates.io-index"

[[package]]
name = "cloudabi"
version = "0.0.3"
source = "registry+https://github.com/rust-lang/crates.io-index"
dependencies = [
 "bitflags 1.2.1 (registry+https://github.com/rust-lang/crates.io-index)",
]

[[package]]
name = "crossbeam-deque"
version = "0.7.3"
source = "registry+https://github.com/rust-lang/crates.io-index"
dependencies = [
 "crossbeam-epoch 0.8.2 (registry+https://github.com/rust-lang/crates.io-index)",
 "crossbeam-utils 0.7.2 (registry+https://github.com/rust-lang/crates.io-index)",
 "maybe-uninit 2.0.0 (registry+https://github.com/rust-lang/crates.io-index)",
]

[[package]]
name = "crossbeam-epoch"
version = "0.8.2"
source = "registry+https://github.com/rust-lang/crates.io-index"
dependencies = [
 "autocfg 1.0.1 (registry+https://github.com/rust-lang/crates.io-index)",
 "cfg-if 0.1.10 (registry+https://github.com/rust-lang/crates.io-index)",
 "crossbeam-utils 0.7.2 (registry+https://github.com/rust-lang/crates.io-index)",
 "lazy_static 1.4.0 (registry+https://github.com/rust-lang/crates.io-index)",
 "maybe-uninit 2.0.0 (registry+https://github.com/rust-lang/crates.io-index)",
 "memoffset 0.5.6 (registry+https://github.com/rust-lang/crates.io-index)",
 "scopeguard 1.1.0 (registry+https://github.com/rust-lang/crates.io-index)",
]

[[package]]
name = "crossbeam-queue"
version = "0.2.3"
source = "registry+https://github.com/rust-lang/crates.io-index"
dependencies = [
 "cfg-if 0.1.10 (registry+https://github.com/rust-lang/crates.io-index)",
 "crossbeam-utils 0.7.2 (registry+https://github.com/rust-lang/crates.io-index)",
 "maybe-uninit 2.0.0 (registry+https://github.com/rust-lang/crates.io-index)",
]

[[package]]
name = "crossbeam-utils"
version = "0.7.2"
source = "registry+https://github.com/rust-lang/crates.io-index"
dependencies = [
 "autocfg 1.0.1 (registry+https://github.com/rust-lang/crates.io-index)",
 "cfg-if 0.1.10 (registry+https://github.com/rust-lang/crates.io-index)",
 "lazy_static 1.4.0 (registry+https://github.com/rust-lang/crates.io-index)",
]

[[package]]
name = "csv"
version = "1.1.5"
source = "registry+https://github.com/rust-lang/crates.io-index"
dependencies = [
 "bstr 0.2.14 (registry+https://github.com/rust-lang/crates.io-index)",
 "csv-core 0.1.10 (registry+https://github.com/rust-lang/crates.io-index)",
 "itoa 0.4.7 (registry+https://github.com/rust-lang/crates.io-index)",
 "ryu 1.0.5 (registry+https://github.com/rust-lang/crates.io-index)",
 "serde 1.0.119 (registry+https://github.com/rust-lang/crates.io-index)",
]

[[package]]
name = "csv-core"
version = "0.1.10"
source = "registry+https://github.com/rust-lang/crates.io-index"
dependencies = [
 "memchr 2.3.4 (registry+https://github.com/rust-lang/crates.io-index)",
]

[[package]]
name = "env_logger"
version = "0.5.13"
source = "registry+https://github.com/rust-lang/crates.io-index"
dependencies = [
 "atty 0.2.14 (registry+https://github.com/rust-lang/crates.io-index)",
 "humantime 1.3.0 (registry+https://github.com/rust-lang/crates.io-index)",
 "log 0.4.13 (registry+https://github.com/rust-lang/crates.io-index)",
 "regex 1.4.3 (registry+https://github.com/rust-lang/crates.io-index)",
 "termcolor 1.1.2 (registry+https://github.com/rust-lang/crates.io-index)",
]

[[package]]
name = "filetime"
version = "0.2.13"
source = "registry+https://github.com/rust-lang/crates.io-index"
dependencies = [
 "cfg-if 1.0.0 (registry+https://github.com/rust-lang/crates.io-index)",
 "libc 0.2.82 (registry+https://github.com/rust-lang/crates.io-index)",
 "redox_syscall 0.1.57 (registry+https://github.com/rust-lang/crates.io-index)",
 "winapi 0.3.9 (registry+https://github.com/rust-lang/crates.io-index)",
]

[[package]]
name = "fnv"
version = "1.0.7"
source = "registry+https://github.com/rust-lang/crates.io-index"

[[package]]
name = "fsevent"
version = "0.4.0"
source = "registry+https://github.com/rust-lang/crates.io-index"
dependencies = [
 "bitflags 1.2.1 (registry+https://github.com/rust-lang/crates.io-index)",
 "fsevent-sys 2.0.1 (registry+https://github.com/rust-lang/crates.io-index)",
]

[[package]]
name = "fsevent-sys"
version = "2.0.1"
source = "registry+https://github.com/rust-lang/crates.io-index"
dependencies = [
 "libc 0.2.82 (registry+https://github.com/rust-lang/crates.io-index)",
]

[[package]]
name = "fuchsia-cprng"
version = "0.1.1"
source = "registry+https://github.com/rust-lang/crates.io-index"

[[package]]
name = "fuchsia-zircon"
version = "0.3.3"
source = "registry+https://github.com/rust-lang/crates.io-index"
dependencies = [
 "bitflags 1.2.1 (registry+https://github.com/rust-lang/crates.io-index)",
 "fuchsia-zircon-sys 0.3.3 (registry+https://github.com/rust-lang/crates.io-index)",
]

[[package]]
name = "fuchsia-zircon-sys"
version = "0.3.3"
source = "registry+https://github.com/rust-lang/crates.io-index"

[[package]]
name = "futures"
version = "0.1.30"
source = "registry+https://github.com/rust-lang/crates.io-index"

[[package]]
name = "getopts"
version = "0.2.21"
source = "registry+https://github.com/rust-lang/crates.io-index"
dependencies = [
 "unicode-width 0.1.8 (registry+https://github.com/rust-lang/crates.io-index)",
]

[[package]]
name = "hermit-abi"
version = "0.1.17"
source = "registry+https://github.com/rust-lang/crates.io-index"
dependencies = [
 "libc 0.2.82 (registry+https://github.com/rust-lang/crates.io-index)",
]

[[package]]
name = "humantime"
version = "1.3.0"
source = "registry+https://github.com/rust-lang/crates.io-index"
dependencies = [
 "quick-error 1.2.3 (registry+https://github.com/rust-lang/crates.io-index)",
]

[[package]]
name = "inotify"
version = "0.7.1"
source = "registry+https://github.com/rust-lang/crates.io-index"
dependencies = [
 "bitflags 1.2.1 (registry+https://github.com/rust-lang/crates.io-index)",
 "inotify-sys 0.1.5 (registry+https://github.com/rust-lang/crates.io-index)",
 "libc 0.2.82 (registry+https://github.com/rust-lang/crates.io-index)",
]

[[package]]
name = "inotify-sys"
version = "0.1.5"
source = "registry+https://github.com/rust-lang/crates.io-index"
dependencies = [
 "libc 0.2.82 (registry+https://github.com/rust-lang/crates.io-index)",
]

[[package]]
name = "intervaltree"
version = "0.2.6"
source = "registry+https://github.com/rust-lang/crates.io-index"
dependencies = [
 "smallvec 1.6.1 (registry+https://github.com/rust-lang/crates.io-index)",
]

[[package]]
name = "iovec"
version = "0.1.4"
source = "registry+https://github.com/rust-lang/crates.io-index"
dependencies = [
 "libc 0.2.82 (registry+https://github.com/rust-lang/crates.io-index)",
]

[[package]]
name = "ipnet"
version = "1.2.1"
source = "registry+https://github.com/rust-lang/crates.io-index"

[[package]]
name = "itoa"
version = "0.4.7"
source = "registry+https://github.com/rust-lang/crates.io-index"

[[package]]
name = "kernel32-sys"
version = "0.2.2"
source = "registry+https://github.com/rust-lang/crates.io-index"
dependencies = [
 "winapi 0.2.8 (registry+https://github.com/rust-lang/crates.io-index)",
 "winapi-build 0.1.1 (registry+https://github.com/rust-lang/crates.io-index)",
]

[[package]]
name = "lazy_static"
version = "1.4.0"
source = "registry+https://github.com/rust-lang/crates.io-index"

[[package]]
name = "lazycell"
version = "1.3.0"
source = "registry+https://github.com/rust-lang/crates.io-index"

[[package]]
name = "libc"
version = "0.2.82"
source = "registry+https://github.com/rust-lang/crates.io-index"

[[package]]
name = "lock_api"
version = "0.3.4"
source = "registry+https://github.com/rust-lang/crates.io-index"
dependencies = [
 "scopeguard 1.1.0 (registry+https://github.com/rust-lang/crates.io-index)",
]

[[package]]
name = "log"
version = "0.4.13"
source = "registry+https://github.com/rust-lang/crates.io-index"
dependencies = [
 "cfg-if 0.1.10 (registry+https://github.com/rust-lang/crates.io-index)",
]

[[package]]
name = "maybe-uninit"
version = "2.0.0"
source = "registry+https://github.com/rust-lang/crates.io-index"

[[package]]
name = "memchr"
version = "2.3.4"
source = "registry+https://github.com/rust-lang/crates.io-index"

[[package]]
name = "memoffset"
version = "0.5.6"
source = "registry+https://github.com/rust-lang/crates.io-index"
dependencies = [
 "autocfg 1.0.1 (registry+https://github.com/rust-lang/crates.io-index)",
]

[[package]]
name = "mio"
version = "0.6.23"
source = "registry+https://github.com/rust-lang/crates.io-index"
dependencies = [
 "cfg-if 0.1.10 (registry+https://github.com/rust-lang/crates.io-index)",
 "fuchsia-zircon 0.3.3 (registry+https://github.com/rust-lang/crates.io-index)",
 "fuchsia-zircon-sys 0.3.3 (registry+https://github.com/rust-lang/crates.io-index)",
 "iovec 0.1.4 (registry+https://github.com/rust-lang/crates.io-index)",
 "kernel32-sys 0.2.2 (registry+https://github.com/rust-lang/crates.io-index)",
 "libc 0.2.82 (registry+https://github.com/rust-lang/crates.io-index)",
 "log 0.4.13 (registry+https://github.com/rust-lang/crates.io-index)",
 "miow 0.2.2 (registry+https://github.com/rust-lang/crates.io-index)",
 "net2 0.2.37 (registry+https://github.com/rust-lang/crates.io-index)",
 "slab 0.4.2 (registry+https://github.com/rust-lang/crates.io-index)",
 "winapi 0.2.8 (registry+https://github.com/rust-lang/crates.io-index)",
]

[[package]]
name = "mio-extras"
version = "2.0.6"
source = "registry+https://github.com/rust-lang/crates.io-index"
dependencies = [
 "lazycell 1.3.0 (registry+https://github.com/rust-lang/crates.io-index)",
 "log 0.4.13 (registry+https://github.com/rust-lang/crates.io-index)",
 "mio 0.6.23 (registry+https://github.com/rust-lang/crates.io-index)",
 "slab 0.4.2 (registry+https://github.com/rust-lang/crates.io-index)",
]

[[package]]
name = "mio-uds"
version = "0.6.8"
source = "registry+https://github.com/rust-lang/crates.io-index"
dependencies = [
 "iovec 0.1.4 (registry+https://github.com/rust-lang/crates.io-index)",
 "libc 0.2.82 (registry+https://github.com/rust-lang/crates.io-index)",
 "mio 0.6.23 (registry+https://github.com/rust-lang/crates.io-index)",
]

[[package]]
name = "miow"
version = "0.2.2"
source = "registry+https://github.com/rust-lang/crates.io-index"
dependencies = [
 "kernel32-sys 0.2.2 (registry+https://github.com/rust-lang/crates.io-index)",
 "net2 0.2.37 (registry+https://github.com/rust-lang/crates.io-index)",
 "winapi 0.2.8 (registry+https://github.com/rust-lang/crates.io-index)",
 "ws2_32-sys 0.2.1 (registry+https://github.com/rust-lang/crates.io-index)",
]

[[package]]
name = "net2"
version = "0.2.37"
source = "registry+https://github.com/rust-lang/crates.io-index"
dependencies = [
 "cfg-if 0.1.10 (registry+https://github.com/rust-lang/crates.io-index)",
 "libc 0.2.82 (registry+https://github.com/rust-lang/crates.io-index)",
 "winapi 0.3.9 (registry+https://github.com/rust-lang/crates.io-index)",
]

[[package]]
name = "notify"
version = "4.0.15"
source = "registry+https://github.com/rust-lang/crates.io-index"
dependencies = [
 "bitflags 1.2.1 (registry+https://github.com/rust-lang/crates.io-index)",
 "filetime 0.2.13 (registry+https://github.com/rust-lang/crates.io-index)",
 "fsevent 0.4.0 (registry+https://github.com/rust-lang/crates.io-index)",
 "fsevent-sys 2.0.1 (registry+https://github.com/rust-lang/crates.io-index)",
 "inotify 0.7.1 (registry+https://github.com/rust-lang/crates.io-index)",
 "libc 0.2.82 (registry+https://github.com/rust-lang/crates.io-index)",
 "mio 0.6.23 (registry+https://github.com/rust-lang/crates.io-index)",
 "mio-extras 2.0.6 (registry+https://github.com/rust-lang/crates.io-index)",
 "walkdir 2.3.1 (registry+https://github.com/rust-lang/crates.io-index)",
 "winapi 0.3.9 (registry+https://github.com/rust-lang/crates.io-index)",
]

[[package]]
name = "num_cpus"
version = "1.13.0"
source = "registry+https://github.com/rust-lang/crates.io-index"
dependencies = [
 "hermit-abi 0.1.17 (registry+https://github.com/rust-lang/crates.io-index)",
 "libc 0.2.82 (registry+https://github.com/rust-lang/crates.io-index)",
]

[[package]]
name = "owhois"
version = "0.0.1"
dependencies = [
 "csv 1.1.5 (registry+https://github.com/rust-lang/crates.io-index)",
 "env_logger 0.5.13 (registry+https://github.com/rust-lang/crates.io-index)",
 "futures 0.1.30 (registry+https://github.com/rust-lang/crates.io-index)",
 "getopts 0.2.21 (registry+https://github.com/rust-lang/crates.io-index)",
 "intervaltree 0.2.6 (registry+https://github.com/rust-lang/crates.io-index)",
 "ipnet 1.2.1 (registry+https://github.com/rust-lang/crates.io-index)",
 "lazy_static 1.4.0 (registry+https://github.com/rust-lang/crates.io-index)",
 "log 0.4.13 (registry+https://github.com/rust-lang/crates.io-index)",
 "notify 4.0.15 (registry+https://github.com/rust-lang/crates.io-index)",
 "rand 0.3.23 (registry+https://github.com/rust-lang/crates.io-index)",
 "regex 0.2.11 (registry+https://github.com/rust-lang/crates.io-index)",
 "time 0.1.44 (registry+https://github.com/rust-lang/crates.io-index)",
 "tokio-core 0.1.18 (registry+https://github.com/rust-lang/crates.io-index)",
 "tokio-io 0.1.13 (registry+https://github.com/rust-lang/crates.io-index)",
 "treebitmap 0.2.3 (registry+https://github.com/rust-lang/crates.io-index)",
]

[[package]]
name = "parking_lot"
version = "0.9.0"
source = "registry+https://github.com/rust-lang/crates.io-index"
dependencies = [
 "lock_api 0.3.4 (registry+https://github.com/rust-lang/crates.io-index)",
 "parking_lot_core 0.6.2 (registry+https://github.com/rust-lang/crates.io-index)",
 "rustc_version 0.2.3 (registry+https://github.com/rust-lang/crates.io-index)",
]

[[package]]
name = "parking_lot_core"
version = "0.6.2"
source = "registry+https://github.com/rust-lang/crates.io-index"
dependencies = [
 "cfg-if 0.1.10 (registry+https://github.com/rust-lang/crates.io-index)",
 "cloudabi 0.0.3 (registry+https://github.com/rust-lang/crates.io-index)",
 "libc 0.2.82 (registry+https://github.com/rust-lang/crates.io-index)",
 "redox_syscall 0.1.57 (registry+https://github.com/rust-lang/crates.io-index)",
 "rustc_version 0.2.3 (registry+https://github.com/rust-lang/crates.io-index)",
 "smallvec 0.6.14 (registry+https://github.com/rust-lang/crates.io-index)",
 "winapi 0.3.9 (registry+https://github.com/rust-lang/crates.io-index)",
]

[[package]]
name = "quick-error"
version = "1.2.3"
source = "registry+https://github.com/rust-lang/crates.io-index"

[[package]]
name = "rand"
version = "0.3.23"
source = "registry+https://github.com/rust-lang/crates.io-index"
dependencies = [
 "libc 0.2.82 (registry+https://github.com/rust-lang/crates.io-index)",
 "rand 0.4.6 (registry+https://github.com/rust-lang/crates.io-index)",
]

[[package]]
name = "rand"
version = "0.4.6"
source = "registry+https://github.com/rust-lang/crates.io-index"
dependencies = [
 "fuchsia-cprng 0.1.1 (registry+https://github.com/rust-lang/crates.io-index)",
 "libc 0.2.82 (registry+https://github.com/rust-lang/crates.io-index)",
 "rand_core 0.3.1 (registry+https://github.com/rust-lang/crates.io-index)",
 "rdrand 0.4.0 (registry+https://github.com/rust-lang/crates.io-index)",
 "winapi 0.3.9 (registry+https://github.com/rust-lang/crates.io-index)",
]

[[package]]
name = "rand_core"
version = "0.3.1"
source = "registry+https://github.com/rust-lang/crates.io-index"
dependencies = [
 "rand_core 0.4.2 (registry+https://github.com/rust-lang/crates.io-index)",
]

[[package]]
name = "rand_core"
version = "0.4.2"
source = "registry+https://github.com/rust-lang/crates.io-index"

[[package]]
name = "rdrand"
version = "0.4.0"
source = "registry+https://github.com/rust-lang/crates.io-index"
dependencies = [
 "rand_core 0.3.1 (registry+https://github.com/rust-lang/crates.io-index)",
]

[[package]]
name = "redox_syscall"
version = "0.1.57"
source = "registry+https://github.com/rust-lang/crates.io-index"

[[package]]
name = "regex"
version = "0.2.11"
source = "registry+https://github.com/rust-lang/crates.io-index"
dependencies = [
 "aho-corasick 0.6.10 (registry+https://github.com/rust-lang/crates.io-index)",
 "memchr 2.3.4 (registry+https://github.com/rust-lang/crates.io-index)",
 "regex-syntax 0.5.6 (registry+https://github.com/rust-lang/crates.io-index)",
 "thread_local 0.3.6 (registry+https://github.com/rust-lang/crates.io-index)",
 "utf8-ranges 1.0.4 (registry+https://github.com/rust-lang/crates.io-index)",
]

[[package]]
name = "regex"
version = "1.4.3"
source = "registry+https://github.com/rust-lang/crates.io-index"
dependencies = [
 "aho-corasick 0.7.15 (registry+https://github.com/rust-lang/crates.io-index)",
 "memchr 2.3.4 (registry+https://github.com/rust-lang/crates.io-index)",
 "regex-syntax 0.6.22 (registry+https://github.com/rust-lang/crates.io-index)",
 "thread_local 1.1.0 (registry+https://github.com/rust-lang/crates.io-index)",
]

[[package]]
name = "regex-automata"
version = "0.1.9"
source = "registry+https://github.com/rust-lang/crates.io-index"
dependencies = [
 "byteorder 1.4.2 (registry+https://github.com/rust-lang/crates.io-index)",
]

[[package]]
name = "regex-syntax"
version = "0.5.6"
source = "registry+https://github.com/rust-lang/crates.io-index"
dependencies = [
 "ucd-util 0.1.8 (registry+https://github.com/rust-lang/crates.io-index)",
]

[[package]]
name = "regex-syntax"
version = "0.6.22"
source = "registry+https://github.com/rust-lang/crates.io-index"

[[package]]
name = "rustc_version"
version = "0.2.3"
source = "registry+https://github.com/rust-lang/crates.io-index"
dependencies = [
 "semver 0.9.0 (registry+https://github.com/rust-lang/crates.io-index)",
]

[[package]]
name = "ryu"
version = "1.0.5"
source = "registry+https://github.com/rust-lang/crates.io-index"

[[package]]
name = "same-file"
version = "1.0.6"
source = "registry+https://github.com/rust-lang/crates.io-index"
dependencies = [
 "winapi-util 0.1.5 (registry+https://github.com/rust-lang/crates.io-index)",
]

[[package]]
name = "scoped-tls"
version = "0.1.2"
source = "registry+https://github.com/rust-lang/crates.io-index"

[[package]]
name = "scopeguard"
version = "1.1.0"
source = "registry+https://github.com/rust-lang/crates.io-index"

[[package]]
name = "semver"
version = "0.9.0"
source = "registry+https://github.com/rust-lang/crates.io-index"
dependencies = [
 "semver-parser 0.7.0 (registry+https://github.com/rust-lang/crates.io-index)",
]

[[package]]
name = "semver-parser"
version = "0.7.0"
source = "registry+https://github.com/rust-lang/crates.io-index"

[[package]]
name = "serde"
version = "1.0.119"
source = "registry+https://github.com/rust-lang/crates.io-index"

[[package]]
name = "slab"
version = "0.4.2"
source = "registry+https://github.com/rust-lang/crates.io-index"

[[package]]
name = "smallvec"
version = "0.6.14"
source = "registry+https://github.com/rust-lang/crates.io-index"
dependencies = [
 "maybe-uninit 2.0.0 (registry+https://github.com/rust-lang/crates.io-index)",
]

[[package]]
name = "smallvec"
version = "1.6.1"
source = "registry+https://github.com/rust-lang/crates.io-index"

[[package]]
name = "termcolor"
version = "1.1.2"
source = "registry+https://github.com/rust-lang/crates.io-index"
dependencies = [
 "winapi-util 0.1.5 (registry+https://github.com/rust-lang/crates.io-index)",
]

[[package]]
name = "thread_local"
version = "0.3.6"
source = "registry+https://github.com/rust-lang/crates.io-index"
dependencies = [
 "lazy_static 1.4.0 (registry+https://github.com/rust-lang/crates.io-index)",
]

[[package]]
name = "thread_local"
version = "1.1.0"
source = "registry+https://github.com/rust-lang/crates.io-index"
dependencies = [
 "lazy_static 1.4.0 (registry+https://github.com/rust-lang/crates.io-index)",
]

[[package]]
name = "time"
version = "0.1.44"
source = "registry+https://github.com/rust-lang/crates.io-index"
dependencies = [
 "libc 0.2.82 (registry+https://github.com/rust-lang/crates.io-index)",
 "wasi 0.10.0+wasi-snapshot-preview1 (registry+https://github.com/rust-lang/crates.io-index)",
 "winapi 0.3.9 (registry+https://github.com/rust-lang/crates.io-index)",
]

[[package]]
name = "tokio"
version = "0.1.22"
source = "registry+https://github.com/rust-lang/crates.io-index"
dependencies = [
 "bytes 0.4.12 (registry+https://github.com/rust-lang/crates.io-index)",
 "futures 0.1.30 (registry+https://github.com/rust-lang/crates.io-index)",
 "mio 0.6.23 (registry+https://github.com/rust-lang/crates.io-index)",
 "num_cpus 1.13.0 (registry+https://github.com/rust-lang/crates.io-index)",
 "tokio-codec 0.1.2 (registry+https://github.com/rust-lang/crates.io-index)",
 "tokio-current-thread 0.1.7 (registry+https://github.com/rust-lang/crates.io-index)",
 "tokio-executor 0.1.10 (registry+https://github.com/rust-lang/crates.io-index)",
 "tokio-fs 0.1.7 (registry+https://github.com/rust-lang/crates.io-index)",
 "tokio-io 0.1.13 (registry+https://github.com/rust-lang/crates.io-index)",
 "tokio-reactor 0.1.12 (registry+https://github.com/rust-lang/crates.io-index)",
 "tokio-sync 0.1.8 (registry+https://github.com/rust-lang/crates.io-index)",
 "tokio-tcp 0.1.4 (registry+https://github.com/rust-lang/crates.io-index)",
 "tokio-threadpool 0.1.18 (registry+https://github.com/rust-lang/crates.io-index)",
 "tokio-timer 0.2.13 (registry+https://github.com/rust-lang/crates.io-index)",
 "tokio-udp 0.1.6 (registry+https://github.com/rust-lang/crates.io-index)",
 "tokio-uds 0.2.7 (registry+https://github.com/rust-lang/crates.io-index)",
]

[[package]]
name = "tokio-codec"
version = "0.1.2"
source = "registry+https://github.com/rust-lang/crates.io-index"
dependencies = [
 "bytes 0.4.12 (registry+https://github.com/rust-lang/crates.io-index)",
 "futures 0.1.30 (registry+https://github.com/rust-lang/crates.io-index)",
 "tokio-io 0.1.13 (registry+https://github.com/rust-lang/crates.io-index)",
]

[[package]]
name = "tokio-core"
version = "0.1.18"
source = "registry+https://github.com/rust-lang/crates.io-index"
dependencies = [
 "bytes 0.4.12 (registry+https://github.com/rust-lang/crates.io-index)",
 "futures 0.1.30 (registry+https://github.com/rust-lang/crates.io-index)",
 "iovec 0.1.4 (registry+https://github.com/rust-lang/crates.io-index)",
 "log 0.4.13 (registry+https://github.com/rust-lang/crates.io-index)",
 "mio 0.6.23 (registry+https://github.com/rust-lang/crates.io-index)",
 "scoped-tls 0.1.2 (registry+https://github.com/rust-lang/crates.io-index)",
 "tokio 0.1.22 (registry+https://github.com/rust-lang/crates.io-index)",
 "tokio-executor 0.1.10 (registry+https://github.com/rust-lang/crates.io-index)",
 "tokio-io 0.1.13 (registry+https://github.com/rust-lang/crates.io-index)",
 "tokio-reactor 0.1.12 (registry+https://github.com/rust-lang/crates.io-index)",
 "tokio-timer 0.2.13 (registry+https://github.com/rust-lang/crates.io-index)",
]

[[package]]
name = "tokio-current-thread"
version = "0.1.7"
source = "registry+https://github.com/rust-lang/crates.io-index"
dependencies = [
 "futures 0.1.30 (registry+https://github.com/rust-lang/crates.io-index)",
 "tokio-executor 0.1.10 (registry+https://github.com/rust-lang/crates.io-index)",
]

[[package]]
name = "tokio-executor"
version = "0.1.10"
source = "registry+https://github.com/rust-lang/crates.io-index"
dependencies = [
 "crossbeam-utils 0.7.2 (registry+https://github.com/rust-lang/crates.io-index)",
 "futures 0.1.30 (registry+https://github.com/rust-lang/crates.io-index)",
]

[[package]]
name = "tokio-fs"
version = "0.1.7"
source = "registry+https://github.com/rust-lang/crates.io-index"
dependencies = [
 "futures 0.1.30 (registry+https://github.com/rust-lang/crates.io-index)",
 "tokio-io 0.1.13 (registry+https://github.com/rust-lang/crates.io-index)",
 "tokio-threadpool 0.1.18 (registry+https://github.com/rust-lang/crates.io-index)",
]

[[package]]
name = "tokio-io"
version = "0.1.13"
source = "registry+https://github.com/rust-lang/crates.io-index"
dependencies = [
 "bytes 0.4.12 (registry+https://github.com/rust-lang/crates.io-index)",
 "futures 0.1.30 (registry+https://github.com/rust-lang/crates.io-index)",
 "log 0.4.13 (registry+https://github.com/rust-lang/crates.io-index)",
]

[[package]]
name = "tokio-reactor"
version = "0.1.12"
source = "registry+https://github.com/rust-lang/crates.io-index"
dependencies = [
 "crossbeam-utils 0.7.2 (registry+https://github.com/rust-lang/crates.io-index)",
 "futures 0.1.30 (registry+https://github.com/rust-lang/crates.io-index)",
 "lazy_static 1.4.0 (registry+https://github.com/rust-lang/crates.io-index)",
 "log 0.4.13 (registry+https://github.com/rust-lang/crates.io-index)",
 "mio 0.6.23 (registry+https://github.com/rust-lang/crates.io-index)",
 "num_cpus 1.13.0 (registry+https://github.com/rust-lang/crates.io-index)",
 "parking_lot 0.9.0 (registry+https://github.com/rust-lang/crates.io-index)",
 "slab 0.4.2 (registry+https://github.com/rust-lang/crates.io-index)",
 "tokio-executor 0.1.10 (registry+https://github.com/rust-lang/crates.io-index)",
 "tokio-io 0.1.13 (registry+https://github.com/rust-lang/crates.io-index)",
 "tokio-sync 0.1.8 (registry+https://github.com/rust-lang/crates.io-index)",
]

[[package]]
name = "tokio-sync"
version = "0.1.8"
source = "registry+https://github.com/rust-lang/crates.io-index"
dependencies = [
 "fnv 1.0.7 (registry+https://github.com/rust-lang/crates.io-index)",
 "futures 0.1.30 (registry+https://github.com/rust-lang/crates.io-index)",
]

[[package]]
name = "tokio-tcp"
version = "0.1.4"
source = "registry+https://github.com/rust-lang/crates.io-index"
dependencies = [
 "bytes 0.4.12 (registry+https://github.com/rust-lang/crates.io-index)",
 "futures 0.1.30 (registry+https://github.com/rust-lang/crates.io-index)",
 "iovec 0.1.4 (registry+https://github.com/rust-lang/crates.io-index)",
 "mio 0.6.23 (registry+https://github.com/rust-lang/crates.io-index)",
 "tokio-io 0.1.13 (registry+https://github.com/rust-lang/crates.io-index)",
 "tokio-reactor 0.1.12 (registry+https://github.com/rust-lang/crates.io-index)",
]

[[package]]
name = "tokio-threadpool"
version = "0.1.18"
source = "registry+https://github.com/rust-lang/crates.io-index"
dependencies = [
 "crossbeam-deque 0.7.3 (registry+https://github.com/rust-lang/crates.io-index)",
 "crossbeam-queue 0.2.3 (registry+https://github.com/rust-lang/crates.io-index)",
 "crossbeam-utils 0.7.2 (registry+https://github.com/rust-lang/crates.io-index)",
 "futures 0.1.30 (registry+https://github.com/rust-lang/crates.io-index)",
 "lazy_static 1.4.0 (registry+https://github.com/rust-lang/crates.io-index)",
 "log 0.4.13 (registry+https://github.com/rust-lang/crates.io-index)",
 "num_cpus 1.13.0 (registry+https://github.com/rust-lang/crates.io-index)",
 "slab 0.4.2 (registry+https://github.com/rust-lang/crates.io-index)",
 "tokio-executor 0.1.10 (registry+https://github.com/rust-lang/crates.io-index)",
]

[[package]]
name = "tokio-timer"
version = "0.2.13"
source = "registry+https://github.com/rust-lang/crates.io-index"
dependencies = [
 "crossbeam-utils 0.7.2 (registry+https://github.com/rust-lang/crates.io-index)",
 "futures 0.1.30 (registry+https://github.com/rust-lang/crates.io-index)",
 "slab 0.4.2 (registry+https://github.com/rust-lang/crates.io-index)",
 "tokio-executor 0.1.10 (registry+https://github.com/rust-lang/crates.io-index)",
]

[[package]]
name = "tokio-udp"
version = "0.1.6"
source = "registry+https://github.com/rust-lang/crates.io-index"
dependencies = [
 "bytes 0.4.12 (registry+https://github.com/rust-lang/crates.io-index)",
 "futures 0.1.30 (registry+https://github.com/rust-lang/crates.io-index)",
 "log 0.4.13 (registry+https://github.com/rust-lang/crates.io-index)",
 "mio 0.6.23 (registry+https://github.com/rust-lang/crates.io-index)",
 "tokio-codec 0.1.2 (registry+https://github.com/rust-lang/crates.io-index)",
 "tokio-io 0.1.13 (registry+https://github.com/rust-lang/crates.io-index)",
 "tokio-reactor 0.1.12 (registry+https://github.com/rust-lang/crates.io-index)",
]

[[package]]
name = "tokio-uds"
version = "0.2.7"
source = "registry+https://github.com/rust-lang/crates.io-index"
dependencies = [
 "bytes 0.4.12 (registry+https://github.com/rust-lang/crates.io-index)",
 "futures 0.1.30 (registry+https://github.com/rust-lang/crates.io-index)",
 "iovec 0.1.4 (registry+https://github.com/rust-lang/crates.io-index)",
 "libc 0.2.82 (registry+https://github.com/rust-lang/crates.io-index)",
 "log 0.4.13 (registry+https://github.com/rust-lang/crates.io-index)",
 "mio 0.6.23 (registry+https://github.com/rust-lang/crates.io-index)",
 "mio-uds 0.6.8 (registry+https://github.com/rust-lang/crates.io-index)",
 "tokio-codec 0.1.2 (registry+https://github.com/rust-lang/crates.io-index)",
 "tokio-io 0.1.13 (registry+https://github.com/rust-lang/crates.io-index)",
 "tokio-reactor 0.1.12 (registry+https://github.com/rust-lang/crates.io-index)",
]

[[package]]
name = "treebitmap"
version = "0.2.3"
source = "registry+https://github.com/rust-lang/crates.io-index"

[[package]]
name = "ucd-util"
version = "0.1.8"
source = "registry+https://github.com/rust-lang/crates.io-index"

[[package]]
name = "unicode-width"
version = "0.1.8"
source = "registry+https://github.com/rust-lang/crates.io-index"

[[package]]
name = "utf8-ranges"
version = "1.0.4"
source = "registry+https://github.com/rust-lang/crates.io-index"

[[package]]
name = "walkdir"
version = "2.3.1"
source = "registry+https://github.com/rust-lang/crates.io-index"
dependencies = [
 "same-file 1.0.6 (registry+https://github.com/rust-lang/crates.io-index)",
 "winapi 0.3.9 (registry+https://github.com/rust-lang/crates.io-index)",
 "winapi-util 0.1.5 (registry+https://github.com/rust-lang/crates.io-index)",
]

[[package]]
name = "wasi"
version = "0.10.0+wasi-snapshot-preview1"
source = "registry+https://github.com/rust-lang/crates.io-index"

[[package]]
name = "winapi"
version = "0.2.8"
source = "registry+https://github.com/rust-lang/crates.io-index"

[[package]]
name = "winapi"
version = "0.3.9"
source = "registry+https://github.com/rust-lang/crates.io-index"
dependencies = [
 "winapi-i686-pc-windows-gnu 0.4.0 (registry+https://github.com/rust-lang/crates.io-index)",
 "winapi-x86_64-pc-windows-gnu 0.4.0 (registry+https://github.com/rust-lang/crates.io-index)",
]

[[package]]
name = "winapi-build"
version = "0.1.1"
source = "registry+https://github.com/rust-lang/crates.io-index"

[[package]]
name = "winapi-i686-pc-windows-gnu"
version = "0.4.0"
source = "registry+https://github.com/rust-lang/crates.io-index"

[[package]]
name = "winapi-util"
version = "0.1.5"
source = "registry+https://github.com/rust-lang/crates.io-index"
dependencies = [
 "winapi 0.3.9 (registry+https://github.com/rust-lang/crates.io-index)",
]

[[package]]
name = "winapi-x86_64-pc-windows-gnu"
version = "0.4.0"
source = "registry+https://github.com/rust-lang/crates.io-index"

[[package]]
name = "ws2_32-sys"
version = "0.2.1"
source = "registry+https://github.com/rust-lang/crates.io-index"
dependencies = [
 "winapi 0.2.8 (registry+https://github.com/rust-lang/crates.io-index)",
 "winapi-build 0.1.1 (registry+https://github.com/rust-lang/crates.io-index)",
]

[metadata]
"checksum aho-corasick 0.6.10 (registry+https://github.com/rust-lang/crates.io-index)" = "81ce3d38065e618af2d7b77e10c5ad9a069859b4be3c2250f674af3840d9c8a5"
"checksum aho-corasick 0.7.15 (registry+https://github.com/rust-lang/crates.io-index)" = "7404febffaa47dac81aa44dba71523c9d069b1bdc50a77db41195149e17f68e5"
"checksum atty 0.2.14 (registry+https://github.com/rust-lang/crates.io-index)" = "d9b39be18770d11421cdb1b9947a45dd3f37e93092cbf377614828a319d5fee8"
"checksum autocfg 1.0.1 (registry+https://github.com/rust-lang/crates.io-index)" = "cdb031dd78e28731d87d56cc8ffef4a8f36ca26c38fe2de700543e627f8a464a"
"checksum bitflags 1.2.1 (registry+https://github.com/rust-lang/crates.io-index)" = "cf1de2fe8c75bc145a2f577add951f8134889b4795d47466a54a5c846d691693"
"checksum bstr 0.2.14 (registry+https://github.com/rust-lang/crates.io-index)" = "473fc6b38233f9af7baa94fb5852dca389e3d95b8e21c8e3719301462c5d9faf"
"checksum byteorder 1.4.2 (registry+https://github.com/rust-lang/crates.io-index)" = "ae44d1a3d5a19df61dd0c8beb138458ac2a53a7ac09eba97d55592540004306b"
"checksum bytes 0.4.12 (registry+https://github.com/rust-lang/crates.io-index)" = "206fdffcfa2df7cbe15601ef46c813fce0965eb3286db6b56c583b814b51c81c"
"checksum cfg-if 0.1.10 (registry+https://github.com/rust-lang/crates.io-index)" = "4785bdd1c96b2a846b2bd7cc02e86b6b3dbf14e7e53446c4f54c92a361040822"
"checksum cfg-if 1.0.0 (registry+https://github.com/rust-lang/crates.io-index)" = "baf1de4339761588bc0619e3cbc0120ee582ebb74b53b4efbf79117bd2da40fd"
"checksum cloudabi 0.0.3 (registry+https://github.com/rust-lang/crates.io-index)" = "ddfc5b9aa5d4507acaf872de71051dfd0e309860e88966e1051e462a077aac4f"
"checksum crossbeam-deque 0.7.3 (registry+https://github.com/rust-lang/crates.io-index)" = "9f02af974daeee82218205558e51ec8768b48cf524bd01d550abe5573a608285"
"checksum crossbeam-epoch 0.8.2 (registry+https://github.com/rust-lang/crates.io-index)" = "058ed274caafc1f60c4997b5fc07bf7dc7cca454af7c6e81edffe5f33f70dace"
"checksum crossbeam-queue 0.2.3 (registry+https://github.com/rust-lang/crates.io-index)" = "774ba60a54c213d409d5353bda12d49cd68d14e45036a285234c8d6f91f92570"
"checksum crossbeam-utils 0.7.2 (registry+https://github.com/rust-lang/crates.io-index)" = "c3c7c73a2d1e9fc0886a08b93e98eb643461230d5f1925e4036204d5f2e261a8"
"checksum csv 1.1.5 (registry+https://github.com/rust-lang/crates.io-index)" = "f9d58633299b24b515ac72a3f869f8b91306a3cec616a602843a383acd6f9e97"
"checksum csv-core 0.1.10 (registry+https://github.com/rust-lang/crates.io-index)" = "2b2466559f260f48ad25fe6317b3c8dac77b5bdb5763ac7d9d6103530663bc90"
"checksum env_logger 0.5.13 (registry+https://github.com/rust-lang/crates.io-index)" = "15b0a4d2e39f8420210be8b27eeda28029729e2fd4291019455016c348240c38"
"checksum filetime 0.2.13 (registry+https://github.com/rust-lang/crates.io-index)" = "0c122a393ea57648015bf06fbd3d372378992e86b9ff5a7a497b076a28c79efe"
"checksum fnv 1.0.7 (registry+https://github.com/rust-lang/crates.io-index)" = "3f9eec918d3f24069decb9af1554cad7c880e2da24a9afd88aca000531ab82c1"
"checksum fsevent 0.4.0 (registry+https://github.com/rust-lang/crates.io-index)" = "5ab7d1bd1bd33cc98b0889831b72da23c0aa4df9cec7e0702f46ecea04b35db6"
"checksum fsevent-sys 2.0.1 (registry+https://github.com/rust-lang/crates.io-index)" = "f41b048a94555da0f42f1d632e2e19510084fb8e303b0daa2816e733fb3644a0"
"checksum fuchsia-cprng 0.1.1 (registry+https://github.com/rust-lang/crates.io-index)" = "a06f77d526c1a601b7c4cdd98f54b5eaabffc14d5f2f0296febdc7f357c6d3ba"
"checksum fuchsia-zircon 0.3.3 (registry+https://github.com/rust-lang/crates.io-index)" = "2e9763c69ebaae630ba35f74888db465e49e259ba1bc0eda7d06f4a067615d82"
"checksum fuchsia-zircon-sys 0.3.3 (registry+https://github.com/rust-lang/crates.io-index)" = "3dcaa9ae7725d12cdb85b3ad99a434db70b468c09ded17e012d86b5c1010f7a7"
"checksum futures 0.1.30 (registry+https://github.com/rust-lang/crates.io-index)" = "4c7e4c2612746b0df8fed4ce0c69156021b704c9aefa360311c04e6e9e002eed"
"checksum getopts 0.2.21 (registry+https://github.com/rust-lang/crates.io-index)" = "14dbbfd5c71d70241ecf9e6f13737f7b5ce823821063188d7e46c41d371eebd5"
"checksum hermit-abi 0.1.17 (registry+https://github.com/rust-lang/crates.io-index)" = "5aca5565f760fb5b220e499d72710ed156fdb74e631659e99377d9ebfbd13ae8"
"checksum humantime 1.3.0 (registry+https://github.com/rust-lang/crates.io-index)" = "df004cfca50ef23c36850aaaa59ad52cc70d0e90243c3c7737a4dd32dc7a3c4f"
"checksum inotify 0.7.1 (registry+https://github.com/rust-lang/crates.io-index)" = "4816c66d2c8ae673df83366c18341538f234a26d65a9ecea5c348b453ac1d02f"
"checksum inotify-sys 0.1.5 (registry+https://github.com/rust-lang/crates.io-index)" = "e05c02b5e89bff3b946cedeca278abc628fe811e604f027c45a8aa3cf793d0eb"
"checksum intervaltree 0.2.6 (registry+https://github.com/rust-lang/crates.io-index)" = "566d5aa3b5cc5c5809cc1a9c9588d917a634248bfc58f7ea14e354e71595a32c"
"checksum iovec 0.1.4 (registry+https://github.com/rust-lang/crates.io-index)" = "b2b3ea6ff95e175473f8ffe6a7eb7c00d054240321b84c57051175fe3c1e075e"
"checksum ipnet 1.2.1 (registry+https://github.com/rust-lang/crates.io-index)" = "47c8f4fd097f991e80ccb75c27b12e60d2836f777cad1127f2a64cd5dbee9ad8"
"checksum itoa 0.4.7 (registry+https://github.com/rust-lang/crates.io-index)" = "dd25036021b0de88a0aff6b850051563c6516d0bf53f8638938edbb9de732736"
"checksum kernel32-sys 0.2.2 (registry+https://github.com/rust-lang/crates.io-index)" = "7507624b29483431c0ba2d82aece8ca6cdba9382bff4ddd0f7490560c056098d"
"checksum lazy_static 1.4.0 (registry+https://github.com/rust-lang/crates.io-index)" = "e2abad23fbc42b3700f2f279844dc832adb2b2eb069b2df918f455c4e18cc646"
"checksum lazycell 1.3.0 (registry+https://github.com/rust-lang/crates.io-index)" = "830d08ce1d1d941e6b30645f1a0eb5643013d835ce3779a5fc208261dbe10f55"
"checksum libc 0.2.82 (registry+https://github.com/rust-lang/crates.io-index)" = "89203f3fba0a3795506acaad8ebce3c80c0af93f994d5a1d7a0b1eeb23271929"
"checksum lock_api 0.3.4 (registry+https://github.com/rust-lang/crates.io-index)" = "c4da24a77a3d8a6d4862d95f72e6fdb9c09a643ecdb402d754004a557f2bec75"
"checksum log 0.4.13 (registry+https://github.com/rust-lang/crates.io-index)" = "fcf3805d4480bb5b86070dcfeb9e2cb2ebc148adb753c5cca5f884d1d65a42b2"
"checksum maybe-uninit 2.0.0 (registry+https://github.com/rust-lang/crates.io-index)" = "60302e4db3a61da70c0cb7991976248362f30319e88850c487b9b95bbf059e00"
"checksum memchr 2.3.4 (registry+https://github.com/rust-lang/crates.io-index)" = "0ee1c47aaa256ecabcaea351eae4a9b01ef39ed810004e298d2511ed284b1525"
"checksum memoffset 0.5.6 (registry+https://github.com/rust-lang/crates.io-index)" = "043175f069eda7b85febe4a74abbaeff828d9f8b448515d3151a14a3542811aa"
"checksum mio 0.6.23 (registry+https://github.com/rust-lang/crates.io-index)" = "4afd66f5b91bf2a3bc13fad0e21caedac168ca4c707504e75585648ae80e4cc4"
"checksum mio-extras 2.0.6 (registry+https://github.com/rust-lang/crates.io-index)" = "52403fe290012ce777c4626790c8951324a2b9e3316b3143779c72b029742f19"
"checksum mio-uds 0.6.8 (registry+https://github.com/rust-lang/crates.io-index)" = "afcb699eb26d4332647cc848492bbc15eafb26f08d0304550d5aa1f612e066f0"
"checksum miow 0.2.2 (registry+https://github.com/rust-lang/crates.io-index)" = "ebd808424166322d4a38da87083bfddd3ac4c131334ed55856112eb06d46944d"
"checksum net2 0.2.37 (registry+https://github.com/rust-lang/crates.io-index)" = "391630d12b68002ae1e25e8f974306474966550ad82dac6886fb8910c19568ae"
"checksum notify 4.0.15 (registry+https://github.com/rust-lang/crates.io-index)" = "80ae4a7688d1fab81c5bf19c64fc8db920be8d519ce6336ed4e7efe024724dbd"
"checksum num_cpus 1.13.0 (registry+https://github.com/rust-lang/crates.io-index)" = "05499f3756671c15885fee9034446956fff3f243d6077b91e5767df161f766b3"
"checksum parking_lot 0.9.0 (registry+https://github.com/rust-lang/crates.io-index)" = "f842b1982eb6c2fe34036a4fbfb06dd185a3f5c8edfaacdf7d1ea10b07de6252"
"checksum parking_lot_core 0.6.2 (registry+https://github.com/rust-lang/crates.io-index)" = "b876b1b9e7ac6e1a74a6da34d25c42e17e8862aa409cbbbdcfc8d86c6f3bc62b"
"checksum quick-error 1.2.3 (registry+https://github.com/rust-lang/crates.io-index)" = "a1d01941d82fa2ab50be1e79e6714289dd7cde78eba4c074bc5a4374f650dfe0"
"checksum rand 0.3.23 (registry+https://github.com/rust-lang/crates.io-index)" = "64ac302d8f83c0c1974bf758f6b041c6c8ada916fbb44a609158ca8b064cc76c"
"checksum rand 0.4.6 (registry+https://github.com/rust-lang/crates.io-index)" = "552840b97013b1a26992c11eac34bdd778e464601a4c2054b5f0bff7c6761293"
"checksum rand_core 0.3.1 (registry+https://github.com/rust-lang/crates.io-index)" = "7a6fdeb83b075e8266dcc8762c22776f6877a63111121f5f8c7411e5be7eed4b"
"checksum rand_core 0.4.2 (registry+https://github.com/rust-lang/crates.io-index)" = "9c33a3c44ca05fa6f1807d8e6743f3824e8509beca625669633be0acbdf509dc"
"checksum rdrand 0.4.0 (registry+https://github.com/rust-lang/crates.io-index)" = "678054eb77286b51581ba43620cc911abf02758c91f93f479767aed0f90458b2"
"checksum redox_syscall 0.1.57 (registry+https://github.com/rust-lang/crates.io-index)" = "41cc0f7e4d5d4544e8861606a285bb08d3e70712ccc7d2b84d7c0ccfaf4b05ce"
"checksum regex 0.2.11 (registry+https://github.com/rust-lang/crates.io-index)" = "9329abc99e39129fcceabd24cf5d85b4671ef7c29c50e972bc5afe32438ec384"
"checksum regex 1.4.3 (registry+https://github.com/rust-lang/crates.io-index)" = "d9251239e129e16308e70d853559389de218ac275b515068abc96829d05b948a"
"checksum regex-automata 0.1.9 (registry+https://github.com/rust-lang/crates.io-index)" = "ae1ded71d66a4a97f5e961fd0cb25a5f366a42a41570d16a763a69c092c26ae4"
"checksum regex-syntax 0.5.6 (registry+https://github.com/rust-lang/crates.io-index)" = "7d707a4fa2637f2dca2ef9fd02225ec7661fe01a53623c1e6515b6916511f7a7"
"checksum regex-syntax 0.6.22 (registry+https://github.com/rust-lang/crates.io-index)" = "b5eb417147ba9860a96cfe72a0b93bf88fee1744b5636ec99ab20c1aa9376581"
"checksum rustc_version 0.2.3 (registry+https://github.com/rust-lang/crates.io-index)" = "138e3e0acb6c9fb258b19b67cb8abd63c00679d2851805ea151465464fe9030a"
"checksum ryu 1.0.5 (registry+https://github.com/rust-lang/crates.io-index)" = "71d301d4193d031abdd79ff7e3dd721168a9572ef3fe51a1517aba235bd8f86e"
"checksum same-file 1.0.6 (registry+https://github.com/rust-lang/crates.io-index)" = "93fc1dc3aaa9bfed95e02e6eadabb4baf7e3078b0bd1b4d7b6b0b68378900502"
"checksum scoped-tls 0.1.2 (registry+https://github.com/rust-lang/crates.io-index)" = "332ffa32bf586782a3efaeb58f127980944bbc8c4d6913a86107ac2a5ab24b28"
"checksum scopeguard 1.1.0 (registry+https://github.com/rust-lang/crates.io-index)" = "d29ab0c6d3fc0ee92fe66e2d99f700eab17a8d57d1c1d3b748380fb20baa78cd"
"checksum semver 0.9.0 (registry+https://github.com/rust-lang/crates.io-index)" = "1d7eb9ef2c18661902cc47e535f9bc51b78acd254da71d375c2f6720d9a40403"
"checksum semver-parser 0.7.0 (registry+https://github.com/rust-lang/crates.io-index)" = "388a1df253eca08550bef6c72392cfe7c30914bf41df5269b68cbd6ff8f570a3"
"checksum serde 1.0.119 (registry+https://github.com/rust-lang/crates.io-index)" = "9bdd36f49e35b61d49efd8aa7fc068fd295961fd2286d0b2ee9a4c7a14e99cc3"
"checksum slab 0.4.2 (registry+https://github.com/rust-lang/crates.io-index)" = "c111b5bd5695e56cffe5129854aa230b39c93a305372fdbb2668ca2394eea9f8"
"checksum smallvec 0.6.14 (registry+https://github.com/rust-lang/crates.io-index)" = "b97fcaeba89edba30f044a10c6a3cc39df9c3f17d7cd829dd1446cab35f890e0"
"checksum smallvec 1.6.1 (registry+https://github.com/rust-lang/crates.io-index)" = "fe0f37c9e8f3c5a4a66ad655a93c74daac4ad00c441533bf5c6e7990bb42604e"
"checksum termcolor 1.1.2 (registry+https://github.com/rust-lang/crates.io-index)" = "2dfed899f0eb03f32ee8c6a0aabdb8a7949659e3466561fc0adf54e26d88c5f4"
"checksum thread_local 0.3.6 (registry+https://github.com/rust-lang/crates.io-index)" = "c6b53e329000edc2b34dbe8545fd20e55a333362d0a321909685a19bd28c3f1b"
"checksum thread_local 1.1.0 (registry+https://github.com/rust-lang/crates.io-index)" = "bb9bc092d0d51e76b2b19d9d85534ffc9ec2db959a2523cdae0697e2972cd447"
"checksum time 0.1.44 (registry+https://github.com/rust-lang/crates.io-index)" = "6db9e6914ab8b1ae1c260a4ae7a49b6c5611b40328a735b21862567685e73255"
"checksum tokio 0.1.22 (registry+https://github.com/rust-lang/crates.io-index)" = "5a09c0b5bb588872ab2f09afa13ee6e9dac11e10a0ec9e8e3ba39a5a5d530af6"
"checksum tokio-codec 0.1.2 (registry+https://github.com/rust-lang/crates.io-index)" = "25b2998660ba0e70d18684de5d06b70b70a3a747469af9dea7618cc59e75976b"
"checksum tokio-core 0.1.18 (registry+https://github.com/rust-lang/crates.io-index)" = "87b1395334443abca552f63d4f61d0486f12377c2ba8b368e523f89e828cffd4"
"checksum tokio-current-thread 0.1.7 (registry+https://github.com/rust-lang/crates.io-index)" = "b1de0e32a83f131e002238d7ccde18211c0a5397f60cbfffcb112868c2e0e20e"
"checksum tokio-executor 0.1.10 (registry+https://github.com/rust-lang/crates.io-index)" = "fb2d1b8f4548dbf5e1f7818512e9c406860678f29c300cdf0ebac72d1a3a1671"
"checksum tokio-fs 0.1.7 (registry+https://github.com/rust-lang/crates.io-index)" = "297a1206e0ca6302a0eed35b700d292b275256f596e2f3fea7729d5e629b6ff4"
"checksum tokio-io 0.1.13 (registry+https://github.com/rust-lang/crates.io-index)" = "57fc868aae093479e3131e3d165c93b1c7474109d13c90ec0dda2a1bbfff0674"
"checksum tokio-reactor 0.1.12 (registry+https://github.com/rust-lang/crates.io-index)" = "09bc590ec4ba8ba87652da2068d150dcada2cfa2e07faae270a5e0409aa51351"
"checksum tokio-sync 0.1.8 (registry+https://github.com/rust-lang/crates.io-index)" = "edfe50152bc8164fcc456dab7891fa9bf8beaf01c5ee7e1dd43a397c3cf87dee"
"checksum tokio-tcp 0.1.4 (registry+https://github.com/rust-lang/crates.io-index)" = "98df18ed66e3b72e742f185882a9e201892407957e45fbff8da17ae7a7c51f72"
"checksum tokio-threadpool 0.1.18 (registry+https://github.com/rust-lang/crates.io-index)" = "df720b6581784c118f0eb4310796b12b1d242a7eb95f716a8367855325c25f89"
"checksum tokio-timer 0.2.13 (registry+https://github.com/rust-lang/crates.io-index)" = "93044f2d313c95ff1cb7809ce9a7a05735b012288a888b62d4434fd58c94f296"
"checksum tokio-udp 0.1.6 (registry+https://github.com/rust-lang/crates.io-index)" = "e2a0b10e610b39c38b031a2fcab08e4b82f16ece36504988dcbd81dbba650d82"
"checksum tokio-uds 0.2.7 (registry+https://github.com/rust-lang/crates.io-index)" = "ab57a4ac4111c8c9dbcf70779f6fc8bc35ae4b2454809febac840ad19bd7e4e0"
"checksum treebitmap 0.2.3 (registry+https://github.com/rust-lang/crates.io-index)" = "072be5d2cd78fe632f5c851e1243aeba1ecdd6b10594521c2b824d9e9f4fe649"
"checksum ucd-util 0.1.8 (registry+https://github.com/rust-lang/crates.io-index)" = "c85f514e095d348c279b1e5cd76795082cf15bd59b93207832abe0b1d8fed236"
"checksum unicode-width 0.1.8 (registry+https://github.com/rust-lang/crates.io-index)" = "9337591893a19b88d8d87f2cec1e73fad5cdfd10e5a6f349f498ad6ea2ffb1e3"
"checksum utf8-ranges 1.0.4 (registry+https://github.com/rust-lang/crates.io-index)" = "b4ae116fef2b7fea257ed6440d3cfcff7f190865f170cdad00bb6465bf18ecba"
"checksum walkdir 2.3.1 (registry+https://github.com/rust-lang/crates.io-index)" = "777182bc735b6424e1a57516d35ed72cb8019d85c8c9bf536dccb3445c1a2f7d"
"checksum wasi 0.10.0+wasi-snapshot-preview1 (registry+https://github.com/rust-lang/crates.io-index)" = "1a143597ca7c7793eff794def352d41792a93c481eb1042423ff7ff72ba2c31f"
"checksum winapi 0.2.8 (registry+https://github.com/rust-lang/crates.io-index)" = "167dc9d6949a9b857f3451275e911c3f44255842c1f7a76f33c55103a909087a"
"checksum winapi 0.3.9 (registry+https://github.com/rust-lang/crates.io-index)" = "5c839a674fcd7a98952e593242ea400abe93992746761e38641405d28b00f419"
"checksum winapi-build 0.1.1 (registry+https://github.com/rust-lang/crates.io-index)" = "2d315eee3b34aca4797b2da6b13ed88266e6d612562a0c46390af8299fc699bc"
"checksum winapi-i686-pc-windows-gnu 0.4.0 (registry+https://github.com/rust-lang/crates.io-index)" = "ac3b87c63620426dd9b991e5ce0329eff545bccbbb34f3be09ff6fb6ab51b7b6"
"checksum winapi-util 0.1.5 (registry+https://github.com/rust-lang/crates.io-index)" = "70ec6ce85bb158151cae5e5c87f95a8e97d2c0c4b001223f33a334e3ce5de178"
"checksum winapi-x86_64-pc-windows-gnu 0.4.0 (registry+https://github.com/rust-lang/crates.io-index)" = "712e227841d057c1ee1cd2fb22fa7e5a5461ae8e48fa2ca79ec42cfc1931183f"
"checksum ws2_32-sys 0.2.1 (registry+https://github.com/rust-lang/crates.io-index)" = "d59cefebd0c892fa2dd6de581e937301d8552cb44489cdff035c6187cb63fa5e"
